
Microsoft Visual Studio Solution File, Format Version 12.00
# Visual Studio 15
VisualStudioVersion = 15.0.28307.779
MinimumVisualStudioVersion = 10.0.40219.1
Project("{FAE04EC0-301F-11D3-BF4B-00C04F79EFBC}") = "Kalkulaator", "Kalkulaator\Kalkulaator.csproj", "{B4E36A9A-EB95-47D3-981A-CAF5E8697969}"
EndProject
Global
	GlobalSection(SolutionConfigurationPlatforms) = preSolution
		Debug|Any CPU = Debug|Any CPU
		Release|Any CPU = Release|Any CPU
	EndGlobalSection
	GlobalSection(ProjectConfigurationPlatforms) = postSolution
		{B4E36A9A-EB95-47D3-981A-CAF5E8697969}.Debug|Any CPU.ActiveCfg = Debug|Any CPU
		{B4E36A9A-EB95-47D3-981A-CAF5E8697969}.Debug|Any CPU.Build.0 = Debug|Any CPU
		{B4E36A9A-EB95-47D3-981A-CAF5E8697969}.Release|Any CPU.ActiveCfg = Release|Any CPU
		{B4E36A9A-EB95-47D3-981A-CAF5E8697969}.Release|Any CPU.Build.0 = Release|Any CPU
	EndGlobalSection
	GlobalSection(SolutionProperties) = preSolution
		HideSolutionNode = FALSE
	EndGlobalSection
	GlobalSection(ExtensibilityGlobals) = postSolution
		SolutionGuid = {7102F571-8968-4DF4-9E29-AA25904A9F41}
	EndGlobalSection
EndGlobal
